
Microsoft Visual Studio Solution File, Format Version 12.00
# Visual Studio Version 16
VisualStudioVersion = 16.0.30907.101
MinimumVisualStudioVersion = 10.0.40219.1
Project("{8BC9CEB8-8B4A-11D0-8D11-00A0C91BC942}") = "q24", "q24\q24.vcxproj", "{FA10BCB2-307E-4F02-95D8-77D3A75C6416}"
EndProject
Project("{8BC9CEB8-8B4A-11D0-8D11-00A0C91BC942}") = "q06-list", "q06\q06.vcxproj", "{071F7C7B-7981-4917-B04E-399827EF3059}"
EndProject
Project("{8BC9CEB8-8B4A-11D0-8D11-00A0C91BC942}") = "q07", "q07\q07.vcxproj", "{7E636C5F-19EE-4FDC-9A7B-01DC4D1F9A1F}"
EndProject
Project("{8BC9CEB8-8B4A-11D0-8D11-00A0C91BC942}") = "q09", "q09\q09.vcxproj", "{3D4458B4-3F8F-45B6-A9BB-7B0FE38FCAA5}"
EndProject
Project("{8BC9CEB8-8B4A-11D0-8D11-00A0C91BC942}") = "q10", "q10\q10.vcxproj", "{EF3D744A-85A5-412D-80BF-C12D2DACF875}"
EndProject
Project("{8BC9CEB8-8B4A-11D0-8D11-00A0C91BC942}") = "q11", "q11\q11.vcxproj", "{382665BE-824E-4431-895E-B8DD49BFB962}"
EndProject
Project("{8BC9CEB8-8B4A-11D0-8D11-00A0C91BC942}") = "q12", "q12\q12.vcxproj", "{02600E8F-44AC-4DEF-8022-AEDDB87BE5F4}"
EndProject
Project("{8BC9CEB8-8B4A-11D0-8D11-00A0C91BC942}") = "q14-1", "q14-1\q14-1.vcxproj", "{9A436AD9-2FA2-4FAC-87E5-A67E5FAE709D}"
EndProject
Project("{8BC9CEB8-8B4A-11D0-8D11-00A0C91BC942}") = "q13", "q13\q13.vcxproj", "{7EC442AC-5DF2-4C22-9BFA-5054FEB7D685}"
EndProject
Project("{8BC9CEB8-8B4A-11D0-8D11-00A0C91BC942}") = "q15", "q15\q15.vcxproj", "{198D671B-DB5D-4B53-8A49-9587A12D362D}"
EndProject
Project("{8BC9CEB8-8B4A-11D0-8D11-00A0C91BC942}") = "q16", "q16\q16.vcxproj", "{CE54DED7-08FE-4408-99DE-8EAB180D16FD}"
EndProject
Project("{8BC9CEB8-8B4A-11D0-8D11-00A0C91BC942}") = "q18", "q18\q18.vcxproj", "{8BC1B752-7CBD-4C75-A9F8-FE7AC492DE50}"
EndProject
Project("{8BC9CEB8-8B4A-11D0-8D11-00A0C91BC942}") = "q19", "q19\q19.vcxproj", "{F7B56FF8-72CC-48A2-A414-09012EC61309}"
EndProject
Project("{8BC9CEB8-8B4A-11D0-8D11-00A0C91BC942}") = "q05", "q05\jianzhiOffer.vcxproj", "{1A815F09-ADD5-40DF-8853-7D04FE84A6FD}"
EndProject
Global
	GlobalSection(SolutionConfigurationPlatforms) = preSolution
		Debug|x64 = Debug|x64
		Debug|x86 = Debug|x86
		Release|x64 = Release|x64
		Release|x86 = Release|x86
	EndGlobalSection
	GlobalSection(ProjectConfigurationPlatforms) = postSolution
		{FA10BCB2-307E-4F02-95D8-77D3A75C6416}.Debug|x64.ActiveCfg = Debug|x64
		{FA10BCB2-307E-4F02-95D8-77D3A75C6416}.Debug|x64.Build.0 = Debug|x64
		{FA10BCB2-307E-4F02-95D8-77D3A75C6416}.Debug|x86.ActiveCfg = Debug|Win32
		{FA10BCB2-307E-4F02-95D8-77D3A75C6416}.Debug|x86.Build.0 = Debug|Win32
		{FA10BCB2-307E-4F02-95D8-77D3A75C6416}.Release|x64.ActiveCfg = Release|x64
		{FA10BCB2-307E-4F02-95D8-77D3A75C6416}.Release|x64.Build.0 = Release|x64
		{FA10BCB2-307E-4F02-95D8-77D3A75C6416}.Release|x86.ActiveCfg = Release|Win32
		{FA10BCB2-307E-4F02-95D8-77D3A75C6416}.Release|x86.Build.0 = Release|Win32
		{071F7C7B-7981-4917-B04E-399827EF3059}.Debug|x64.ActiveCfg = Debug|x64
		{071F7C7B-7981-4917-B04E-399827EF3059}.Debug|x64.Build.0 = Debug|x64
		{071F7C7B-7981-4917-B04E-399827EF3059}.Debug|x86.ActiveCfg = Debug|Win32
		{071F7C7B-7981-4917-B04E-399827EF3059}.Debug|x86.Build.0 = Debug|Win32
		{071F7C7B-7981-4917-B04E-399827EF3059}.Release|x64.ActiveCfg = Release|x64
		{071F7C7B-7981-4917-B04E-399827EF3059}.Release|x64.Build.0 = Release|x64
		{071F7C7B-7981-4917-B04E-399827EF3059}.Release|x86.ActiveCfg = Release|Win32
		{071F7C7B-7981-4917-B04E-399827EF3059}.Release|x86.Build.0 = Release|Win32
		{7E636C5F-19EE-4FDC-9A7B-01DC4D1F9A1F}.Debug|x64.ActiveCfg = Debug|x64
		{7E636C5F-19EE-4FDC-9A7B-01DC4D1F9A1F}.Debug|x64.Build.0 = Debug|x64
		{7E636C5F-19EE-4FDC-9A7B-01DC4D1F9A1F}.Debug|x86.ActiveCfg = Debug|Win32
		{7E636C5F-19EE-4FDC-9A7B-01DC4D1F9A1F}.Debug|x86.Build.0 = Debug|Win32
		{7E636C5F-19EE-4FDC-9A7B-01DC4D1F9A1F}.Release|x64.ActiveCfg = Release|x64
		{7E636C5F-19EE-4FDC-9A7B-01DC4D1F9A1F}.Release|x64.Build.0 = Release|x64
		{7E636C5F-19EE-4FDC-9A7B-01DC4D1F9A1F}.Release|x86.ActiveCfg = Release|Win32
		{7E636C5F-19EE-4FDC-9A7B-01DC4D1F9A1F}.Release|x86.Build.0 = Release|Win32
		{3D4458B4-3F8F-45B6-A9BB-7B0FE38FCAA5}.Debug|x64.ActiveCfg = Debug|x64
		{3D4458B4-3F8F-45B6-A9BB-7B0FE38FCAA5}.Debug|x64.Build.0 = Debug|x64
		{3D4458B4-3F8F-45B6-A9BB-7B0FE38FCAA5}.Debug|x86.ActiveCfg = Debug|Win32
		{3D4458B4-3F8F-45B6-A9BB-7B0FE38FCAA5}.Debug|x86.Build.0 = Debug|Win32
		{3D4458B4-3F8F-45B6-A9BB-7B0FE38FCAA5}.Release|x64.ActiveCfg = Release|x64
		{3D4458B4-3F8F-45B6-A9BB-7B0FE38FCAA5}.Release|x64.Build.0 = Release|x64
		{3D4458B4-3F8F-45B6-A9BB-7B0FE38FCAA5}.Release|x86.ActiveCfg = Release|Win32
		{3D4458B4-3F8F-45B6-A9BB-7B0FE38FCAA5}.Release|x86.Build.0 = Release|Win32
		{EF3D744A-85A5-412D-80BF-C12D2DACF875}.Debug|x64.ActiveCfg = Debug|x64
		{EF3D744A-85A5-412D-80BF-C12D2DACF875}.Debug|x64.Build.0 = Debug|x64
		{EF3D744A-85A5-412D-80BF-C12D2DACF875}.Debug|x86.ActiveCfg = Debug|Win32
		{EF3D744A-85A5-412D-80BF-C12D2DACF875}.Debug|x86.Build.0 = Debug|Win32
		{EF3D744A-85A5-412D-80BF-C12D2DACF875}.Release|x64.ActiveCfg = Release|x64
		{EF3D744A-85A5-412D-80BF-C12D2DACF875}.Release|x64.Build.0 = Release|x64
		{EF3D744A-85A5-412D-80BF-C12D2DACF875}.Release|x86.ActiveCfg = Release|Win32
		{EF3D744A-85A5-412D-80BF-C12D2DACF875}.Release|x86.Build.0 = Release|Win32
		{382665BE-824E-4431-895E-B8DD49BFB962}.Debug|x64.ActiveCfg = Debug|x64
		{382665BE-824E-4431-895E-B8DD49BFB962}.Debug|x64.Build.0 = Debug|x64
		{382665BE-824E-4431-895E-B8DD49BFB962}.Debug|x86.ActiveCfg = Debug|Win32
		{382665BE-824E-4431-895E-B8DD49BFB962}.Debug|x86.Build.0 = Debug|Win32
		{382665BE-824E-4431-895E-B8DD49BFB962}.Release|x64.ActiveCfg = Release|x64
		{382665BE-824E-4431-895E-B8DD49BFB962}.Release|x64.Build.0 = Release|x64
		{382665BE-824E-4431-895E-B8DD49BFB962}.Release|x86.ActiveCfg = Release|Win32
		{382665BE-824E-4431-895E-B8DD49BFB962}.Release|x86.Build.0 = Release|Win32
		{02600E8F-44AC-4DEF-8022-AEDDB87BE5F4}.Debug|x64.ActiveCfg = Debug|x64
		{02600E8F-44AC-4DEF-8022-AEDDB87BE5F4}.Debug|x64.Build.0 = Debug|x64
		{02600E8F-44AC-4DEF-8022-AEDDB87BE5F4}.Debug|x86.ActiveCfg = Debug|Win32
		{02600E8F-44AC-4DEF-8022-AEDDB87BE5F4}.Debug|x86.Build.0 = Debug|Win32
		{02600E8F-44AC-4DEF-8022-AEDDB87BE5F4}.Release|x64.ActiveCfg = Release|x64
		{02600E8F-44AC-4DEF-8022-AEDDB87BE5F4}.Release|x64.Build.0 = Release|x64
		{02600E8F-44AC-4DEF-8022-AEDDB87BE5F4}.Release|x86.ActiveCfg = Release|Win32
		{02600E8F-44AC-4DEF-8022-AEDDB87BE5F4}.Release|x86.Build.0 = Release|Win32
		{9A436AD9-2FA2-4FAC-87E5-A67E5FAE709D}.Debug|x64.ActiveCfg = Debug|x64
		{9A436AD9-2FA2-4FAC-87E5-A67E5FAE709D}.Debug|x64.Build.0 = Debug|x64
		{9A436AD9-2FA2-4FAC-87E5-A67E5FAE709D}.Debug|x86.ActiveCfg = Debug|Win32
		{9A436AD9-2FA2-4FAC-87E5-A67E5FAE709D}.Debug|x86.Build.0 = Debug|Win32
		{9A436AD9-2FA2-4FAC-87E5-A67E5FAE709D}.Release|x64.ActiveCfg = Release|x64
		{9A436AD9-2FA2-4FAC-87E5-A67E5FAE709D}.Release|x64.Build.0 = Release|x64
		{9A436AD9-2FA2-4FAC-87E5-A67E5FAE709D}.Release|x86.ActiveCfg = Release|Win32
		{9A436AD9-2FA2-4FAC-87E5-A67E5FAE709D}.Release|x86.Build.0 = Release|Win32
		{7EC442AC-5DF2-4C22-9BFA-5054FEB7D685}.Debug|x64.ActiveCfg = Debug|x64
		{7EC442AC-5DF2-4C22-9BFA-5054FEB7D685}.Debug|x64.Build.0 = Debug|x64
		{7EC442AC-5DF2-4C22-9BFA-5054FEB7D685}.Debug|x86.ActiveCfg = Debug|Win32
		{7EC442AC-5DF2-4C22-9BFA-5054FEB7D685}.Debug|x86.Build.0 = Debug|Win32
		{7EC442AC-5DF2-4C22-9BFA-5054FEB7D685}.Release|x64.ActiveCfg = Release|x64
		{7EC442AC-5DF2-4C22-9BFA-5054FEB7D685}.Release|x64.Build.0 = Release|x64
		{7EC442AC-5DF2-4C22-9BFA-5054FEB7D685}.Release|x86.ActiveCfg = Release|Win32
		{7EC442AC-5DF2-4C22-9BFA-5054FEB7D685}.Release|x86.Build.0 = Release|Win32
		{198D671B-DB5D-4B53-8A49-9587A12D362D}.Debug|x64.ActiveCfg = Debug|x64
		{198D671B-DB5D-4B53-8A49-9587A12D362D}.Debug|x64.Build.0 = Debug|x64
		{198D671B-DB5D-4B53-8A49-9587A12D362D}.Debug|x86.ActiveCfg = Debug|Win32
		{198D671B-DB5D-4B53-8A49-9587A12D362D}.Debug|x86.Build.0 = Debug|Win32
		{198D671B-DB5D-4B53-8A49-9587A12D362D}.Release|x64.ActiveCfg = Release|x64
		{198D671B-DB5D-4B53-8A49-9587A12D362D}.Release|x64.Build.0 = Release|x64
		{198D671B-DB5D-4B53-8A49-9587A12D362D}.Release|x86.ActiveCfg = Release|Win32
		{198D671B-DB5D-4B53-8A49-9587A12D362D}.Release|x86.Build.0 = Release|Win32
		{CE54DED7-08FE-4408-99DE-8EAB180D16FD}.Debug|x64.ActiveCfg = Debug|x64
		{CE54DED7-08FE-4408-99DE-8EAB180D16FD}.Debug|x64.Build.0 = Debug|x64
		{CE54DED7-08FE-4408-99DE-8EAB180D16FD}.Debug|x86.ActiveCfg = Debug|Win32
		{CE54DED7-08FE-4408-99DE-8EAB180D16FD}.Debug|x86.Build.0 = Debug|Win32
		{CE54DED7-08FE-4408-99DE-8EAB180D16FD}.Release|x64.ActiveCfg = Release|x64
		{CE54DED7-08FE-4408-99DE-8EAB180D16FD}.Release|x64.Build.0 = Release|x64
		{CE54DED7-08FE-4408-99DE-8EAB180D16FD}.Release|x86.ActiveCfg = Release|Win32
		{CE54DED7-08FE-4408-99DE-8EAB180D16FD}.Release|x86.Build.0 = Release|Win32
		{8BC1B752-7CBD-4C75-A9F8-FE7AC492DE50}.Debug|x64.ActiveCfg = Debug|x64
		{8BC1B752-7CBD-4C75-A9F8-FE7AC492DE50}.Debug|x64.Build.0 = Debug|x64
		{8BC1B752-7CBD-4C75-A9F8-FE7AC492DE50}.Debug|x86.ActiveCfg = Debug|Win32
		{8BC1B752-7CBD-4C75-A9F8-FE7AC492DE50}.Debug|x86.Build.0 = Debug|Win32
		{8BC1B752-7CBD-4C75-A9F8-FE7AC492DE50}.Release|x64.ActiveCfg = Release|x64
		{8BC1B752-7CBD-4C75-A9F8-FE7AC492DE50}.Release|x64.Build.0 = Release|x64
		{8BC1B752-7CBD-4C75-A9F8-FE7AC492DE50}.Release|x86.ActiveCfg = Release|Win32
		{8BC1B752-7CBD-4C75-A9F8-FE7AC492DE50}.Release|x86.Build.0 = Release|Win32
		{F7B56FF8-72CC-48A2-A414-09012EC61309}.Debug|x64.ActiveCfg = Debug|x64
		{F7B56FF8-72CC-48A2-A414-09012EC61309}.Debug|x64.Build.0 = Debug|x64
		{F7B56FF8-72CC-48A2-A414-09012EC61309}.Debug|x86.ActiveCfg = Debug|Win32
		{F7B56FF8-72CC-48A2-A414-09012EC61309}.Debug|x86.Build.0 = Debug|Win32
		{F7B56FF8-72CC-48A2-A414-09012EC61309}.Release|x64.ActiveCfg = Release|x64
		{F7B56FF8-72CC-48A2-A414-09012EC61309}.Release|x64.Build.0 = Release|x64
		{F7B56FF8-72CC-48A2-A414-09012EC61309}.Release|x86.ActiveCfg = Release|Win32
		{F7B56FF8-72CC-48A2-A414-09012EC61309}.Release|x86.Build.0 = Release|Win32
		{1A815F09-ADD5-40DF-8853-7D04FE84A6FD}.Debug|x64.ActiveCfg = Debug|x64
		{1A815F09-ADD5-40DF-8853-7D04FE84A6FD}.Debug|x64.Build.0 = Debug|x64
		{1A815F09-ADD5-40DF-8853-7D04FE84A6FD}.Debug|x86.ActiveCfg = Debug|Win32
		{1A815F09-ADD5-40DF-8853-7D04FE84A6FD}.Debug|x86.Build.0 = Debug|Win32
		{1A815F09-ADD5-40DF-8853-7D04FE84A6FD}.Release|x64.ActiveCfg = Release|x64
		{1A815F09-ADD5-40DF-8853-7D04FE84A6FD}.Release|x64.Build.0 = Release|x64
		{1A815F09-ADD5-40DF-8853-7D04FE84A6FD}.Release|x86.ActiveCfg = Release|Win32
		{1A815F09-ADD5-40DF-8853-7D04FE84A6FD}.Release|x86.Build.0 = Release|Win32
	EndGlobalSection
	GlobalSection(SolutionProperties) = preSolution
		HideSolutionNode = FALSE
	EndGlobalSection
	GlobalSection(ExtensibilityGlobals) = postSolution
		SolutionGuid = {71CB548E-07F7-4322-9241-6E4173000181}
	EndGlobalSection
EndGlobal
